
Microsoft Visual Studio Solution File, Format Version 12.00
# Visual Studio Version 16
VisualStudioVersion = 16.0.32002.261
MinimumVisualStudioVersion = 10.0.40219.1
Project("{FAE04EC0-301F-11D3-BF4B-00C04F79EFBC}") = "Lab4Wpf", "Lab4Wpf\Lab4Wpf.csproj", "{9E86A3DF-4C02-41D3-B008-429EEC2771B0}"
EndProject
Global
	GlobalSection(SolutionConfigurationPlatforms) = preSolution
		Debug|Any CPU = Debug|Any CPU
		Release|Any CPU = Release|Any CPU
	EndGlobalSection
	GlobalSection(ProjectConfigurationPlatforms) = postSolution
		{9E86A3DF-4C02-41D3-B008-429EEC2771B0}.Debug|Any CPU.ActiveCfg = Debug|Any CPU
		{9E86A3DF-4C02-41D3-B008-429EEC2771B0}.Debug|Any CPU.Build.0 = Debug|Any CPU
		{9E86A3DF-4C02-41D3-B008-429EEC2771B0}.Release|Any CPU.ActiveCfg = Release|Any CPU
		{9E86A3DF-4C02-41D3-B008-429EEC2771B0}.Release|Any CPU.Build.0 = Release|Any CPU
	EndGlobalSection
	GlobalSection(SolutionProperties) = preSolution
		HideSolutionNode = FALSE
	EndGlobalSection
	GlobalSection(ExtensibilityGlobals) = postSolution
		SolutionGuid = {F6626992-B5CD-4029-9486-4AAD4326D39A}
	EndGlobalSection
EndGlobal
